
Microsoft Visual Studio Solution File, Format Version 12.00
# Visual Studio 2013
VisualStudioVersion = 12.0.30110.0
MinimumVisualStudioVersion = 10.0.40219.1
Project("{FAE04EC0-301F-11D3-BF4B-00C04F79EFBC}") = "Rhi.Isncsci", "Rhi.Isncsci\Rhi.Isncsci.csproj", "{CFD110C1-CE77-40FD-932B-3EF70F8F56EE}"
EndProject
Project("{FAE04EC0-301F-11D3-BF4B-00C04F79EFBC}") = "Rhi.Isncsci.Tests", "Rhi.Isncsci.Tests\Rhi.Isncsci.Tests.csproj", "{A354D889-1BE4-4439-9FD9-E4DB9E470B7D}"
EndProject
Global
	GlobalSection(TeamFoundationVersionControl) = preSolution
		SccNumberOfProjects = 3
		SccEnterpriseProvider = {4CA58AB2-18FA-4F8D-95D4-32DDF27D184C}
		SccTeamFoundationServer = https://eddiemachete.visualstudio.com/defaultcollection
		SccLocalPath0 = .
		SccProjectUniqueName1 = Rhi.Isncsci\\Rhi.Isncsci.csproj
		SccProjectName1 = Rhi.Isncsci
		SccLocalPath1 = Rhi.Isncsci
		SccProjectUniqueName2 = Rhi.Isncsci.Tests\\Rhi.Isncsci.Tests.csproj
		SccProjectName2 = Rhi.Isncsci.Tests
		SccLocalPath2 = Rhi.Isncsci.Tests
	EndGlobalSection
	GlobalSection(SolutionConfigurationPlatforms) = preSolution
		Debug|Any CPU = Debug|Any CPU
		Release|Any CPU = Release|Any CPU
	EndGlobalSection
	GlobalSection(ProjectConfigurationPlatforms) = postSolution
		{CFD110C1-CE77-40FD-932B-3EF70F8F56EE}.Debug|Any CPU.ActiveCfg = Debug|Any CPU
		{CFD110C1-CE77-40FD-932B-3EF70F8F56EE}.Debug|Any CPU.Build.0 = Debug|Any CPU
		{CFD110C1-CE77-40FD-932B-3EF70F8F56EE}.Release|Any CPU.ActiveCfg = Release|Any CPU
		{CFD110C1-CE77-40FD-932B-3EF70F8F56EE}.Release|Any CPU.Build.0 = Release|Any CPU
		{A354D889-1BE4-4439-9FD9-E4DB9E470B7D}.Debug|Any CPU.ActiveCfg = Debug|Any CPU
		{A354D889-1BE4-4439-9FD9-E4DB9E470B7D}.Debug|Any CPU.Build.0 = Debug|Any CPU
		{A354D889-1BE4-4439-9FD9-E4DB9E470B7D}.Release|Any CPU.ActiveCfg = Release|Any CPU
		{A354D889-1BE4-4439-9FD9-E4DB9E470B7D}.Release|Any CPU.Build.0 = Release|Any CPU
	EndGlobalSection
	GlobalSection(SolutionProperties) = preSolution
		HideSolutionNode = FALSE
	EndGlobalSection
EndGlobal
